
Microsoft Visual Studio Solution File, Format Version 12.00
# Visual Studio Version 16
VisualStudioVersion = 16.0.32802.440
MinimumVisualStudioVersion = 10.0.40219.1
Project("{FAE04EC0-301F-11D3-BF4B-00C04F79EFBC}") = "HotelListing.API", "HotelListing.API\HotelListing.API.csproj", "{0ACE439E-3D18-4DF6-9615-5C7EDE524DFD}"
EndProject
Global
	GlobalSection(SolutionConfigurationPlatforms) = preSolution
		Debug|Any CPU = Debug|Any CPU
		Release|Any CPU = Release|Any CPU
	EndGlobalSection
	GlobalSection(ProjectConfigurationPlatforms) = postSolution
		{0ACE439E-3D18-4DF6-9615-5C7EDE524DFD}.Debug|Any CPU.ActiveCfg = Debug|Any CPU
		{0ACE439E-3D18-4DF6-9615-5C7EDE524DFD}.Debug|Any CPU.Build.0 = Debug|Any CPU
		{0ACE439E-3D18-4DF6-9615-5C7EDE524DFD}.Release|Any CPU.ActiveCfg = Release|Any CPU
		{0ACE439E-3D18-4DF6-9615-5C7EDE524DFD}.Release|Any CPU.Build.0 = Release|Any CPU
	EndGlobalSection
	GlobalSection(SolutionProperties) = preSolution
		HideSolutionNode = FALSE
	EndGlobalSection
	GlobalSection(ExtensibilityGlobals) = postSolution
		SolutionGuid = {1B9454BE-8CC3-459E-B1AB-564777F2C9A2}
	EndGlobalSection
EndGlobal
